
Microsoft Visual Studio Solution File, Format Version 12.00
# Visual Studio Version 17
VisualStudioVersion = 17.5.33530.505
MinimumVisualStudioVersion = 10.0.40219.1
Project("{FAE04EC0-301F-11D3-BF4B-00C04F79EFBC}") = "EventsAbstractions", "EventsAbstractions\EventsAbstractions.csproj", "{11220E74-6B21-40FA-BC90-E6006AE7FD0E}"
EndProject
Project("{FAE04EC0-301F-11D3-BF4B-00C04F79EFBC}") = "ProducingEvents", "ProducingEvents\ProducingEvents.csproj", "{4EC632F0-D1E7-4E44-AC01-ECA5F5C1F0F0}"
EndProject
Project("{FAE04EC0-301F-11D3-BF4B-00C04F79EFBC}") = "ConsumingEvents", "ConsumingEvents\ConsumingEvents.csproj", "{1035C071-5F3F-4BB5-9765-E7FB98F4C2CA}"
EndProject
Project("{2150E333-8FDC-42A3-9474-1A3956D46DE8}") = "Solution Items", "Solution Items", "{056ED6B0-F36C-4CE4-80D4-2F8261381BA8}"
	ProjectSection(SolutionItems) = preProject
		Directory.Build.props = Directory.Build.props
		README.md = README.md
	EndProjectSection
EndProject
Global
	GlobalSection(SolutionConfigurationPlatforms) = preSolution
		Debug|Any CPU = Debug|Any CPU
		Release|Any CPU = Release|Any CPU
	EndGlobalSection
	GlobalSection(ProjectConfigurationPlatforms) = postSolution
		{11220E74-6B21-40FA-BC90-E6006AE7FD0E}.Debug|Any CPU.ActiveCfg = Debug|Any CPU
		{11220E74-6B21-40FA-BC90-E6006AE7FD0E}.Debug|Any CPU.Build.0 = Debug|Any CPU
		{11220E74-6B21-40FA-BC90-E6006AE7FD0E}.Release|Any CPU.ActiveCfg = Release|Any CPU
		{11220E74-6B21-40FA-BC90-E6006AE7FD0E}.Release|Any CPU.Build.0 = Release|Any CPU
		{4EC632F0-D1E7-4E44-AC01-ECA5F5C1F0F0}.Debug|Any CPU.ActiveCfg = Debug|Any CPU
		{4EC632F0-D1E7-4E44-AC01-ECA5F5C1F0F0}.Debug|Any CPU.Build.0 = Debug|Any CPU
		{4EC632F0-D1E7-4E44-AC01-ECA5F5C1F0F0}.Release|Any CPU.ActiveCfg = Release|Any CPU
		{4EC632F0-D1E7-4E44-AC01-ECA5F5C1F0F0}.Release|Any CPU.Build.0 = Release|Any CPU
		{1035C071-5F3F-4BB5-9765-E7FB98F4C2CA}.Debug|Any CPU.ActiveCfg = Debug|Any CPU
		{1035C071-5F3F-4BB5-9765-E7FB98F4C2CA}.Debug|Any CPU.Build.0 = Debug|Any CPU
		{1035C071-5F3F-4BB5-9765-E7FB98F4C2CA}.Release|Any CPU.ActiveCfg = Release|Any CPU
		{1035C071-5F3F-4BB5-9765-E7FB98F4C2CA}.Release|Any CPU.Build.0 = Release|Any CPU
	EndGlobalSection
	GlobalSection(SolutionProperties) = preSolution
		HideSolutionNode = FALSE
	EndGlobalSection
	GlobalSection(ExtensibilityGlobals) = postSolution
		SolutionGuid = {5A336631-37C6-483A-85A6-3EED6F0C6340}
	EndGlobalSection
EndGlobal
